
Microsoft Visual Studio Solution File, Format Version 12.00
# Visual Studio Version 17
VisualStudioVersion = 17.7.34024.191
MinimumVisualStudioVersion = 10.0.40219.1
Project("{FAE04EC0-301F-11D3-BF4B-00C04F79EFBC}") = "LigoloWrapper", "LigoloWrapper\LigoloWrapper.csproj", "{07E5A089-07A4-404B-9207-55E7C88E9DD6}"
EndProject
Project("{FAE04EC0-301F-11D3-BF4B-00C04F79EFBC}") = "ProcessInject", "ProcessInject\ProcessInject.csproj", "{FE923DA4-02F5-4434-98E9-0974A1CAAA12}"
EndProject
Project("{FAE04EC0-301F-11D3-BF4B-00C04F79EFBC}") = "ProcessInjectRemoteThread", "ProcessInjectRemoteThread\ProcessInjectRemoteThread.csproj", "{A3A3F40E-2275-48BB-BE3A-84598AD912C3}"
EndProject
Project("{FAE04EC0-301F-11D3-BF4B-00C04F79EFBC}") = "ProcessInjectQueueACP", "ProcessInjectQueueACP\ProcessInjectQueueACP.csproj", "{279714A6-3A5D-47A6-9DE9-C18548DE469C}"
EndProject
Project("{FAE04EC0-301F-11D3-BF4B-00C04F79EFBC}") = "ProcessInjectNT", "ProcessInjectNT\ProcessInjectNT.csproj", "{5889EA08-08C8-4714-BC2F-403CBF8B5252}"
EndProject
Global
	GlobalSection(SolutionConfigurationPlatforms) = preSolution
		Debug|Any CPU = Debug|Any CPU
		Release|Any CPU = Release|Any CPU
	EndGlobalSection
	GlobalSection(ProjectConfigurationPlatforms) = postSolution
		{07E5A089-07A4-404B-9207-55E7C88E9DD6}.Debug|Any CPU.ActiveCfg = Debug|Any CPU
		{07E5A089-07A4-404B-9207-55E7C88E9DD6}.Debug|Any CPU.Build.0 = Debug|Any CPU
		{07E5A089-07A4-404B-9207-55E7C88E9DD6}.Release|Any CPU.ActiveCfg = Release|Any CPU
		{07E5A089-07A4-404B-9207-55E7C88E9DD6}.Release|Any CPU.Build.0 = Release|Any CPU
		{FE923DA4-02F5-4434-98E9-0974A1CAAA12}.Debug|Any CPU.ActiveCfg = Debug|Any CPU
		{FE923DA4-02F5-4434-98E9-0974A1CAAA12}.Debug|Any CPU.Build.0 = Debug|Any CPU
		{FE923DA4-02F5-4434-98E9-0974A1CAAA12}.Release|Any CPU.ActiveCfg = Release|Any CPU
		{FE923DA4-02F5-4434-98E9-0974A1CAAA12}.Release|Any CPU.Build.0 = Release|Any CPU
		{A3A3F40E-2275-48BB-BE3A-84598AD912C3}.Debug|Any CPU.ActiveCfg = Debug|Any CPU
		{A3A3F40E-2275-48BB-BE3A-84598AD912C3}.Debug|Any CPU.Build.0 = Debug|Any CPU
		{A3A3F40E-2275-48BB-BE3A-84598AD912C3}.Release|Any CPU.ActiveCfg = Release|Any CPU
		{A3A3F40E-2275-48BB-BE3A-84598AD912C3}.Release|Any CPU.Build.0 = Release|Any CPU
		{279714A6-3A5D-47A6-9DE9-C18548DE469C}.Debug|Any CPU.ActiveCfg = Debug|Any CPU
		{279714A6-3A5D-47A6-9DE9-C18548DE469C}.Debug|Any CPU.Build.0 = Debug|Any CPU
		{279714A6-3A5D-47A6-9DE9-C18548DE469C}.Release|Any CPU.ActiveCfg = Release|Any CPU
		{279714A6-3A5D-47A6-9DE9-C18548DE469C}.Release|Any CPU.Build.0 = Release|Any CPU
		{5889EA08-08C8-4714-BC2F-403CBF8B5252}.Debug|Any CPU.ActiveCfg = Debug|Any CPU
		{5889EA08-08C8-4714-BC2F-403CBF8B5252}.Debug|Any CPU.Build.0 = Debug|Any CPU
		{5889EA08-08C8-4714-BC2F-403CBF8B5252}.Release|Any CPU.ActiveCfg = Release|Any CPU
		{5889EA08-08C8-4714-BC2F-403CBF8B5252}.Release|Any CPU.Build.0 = Release|Any CPU
	EndGlobalSection
	GlobalSection(SolutionProperties) = preSolution
		HideSolutionNode = FALSE
	EndGlobalSection
	GlobalSection(ExtensibilityGlobals) = postSolution
		SolutionGuid = {6666EBF5-18EE-47DA-B93C-CA4E30B84A58}
	EndGlobalSection
EndGlobal
